
Microsoft Visual Studio Solution File, Format Version 11.00
# Visual Studio 2010
Project("{FAE04EC0-301F-11D3-BF4B-00C04F79EFBC}") = "Brackeys RPG", "Assembly-CSharp.csproj", "{3CD41F60-6F7A-896A-8499-B42600A9ADE6}"
EndProject
Project("{FAE04EC0-301F-11D3-BF4B-00C04F79EFBC}") = "Brackeys RPG", "Assembly-CSharp-Editor.csproj", "{BFCE4B03-7EFE-80CF-BB9B-9D944CE182BF}"
EndProject
Global
	GlobalSection(SolutionConfigurationPlatforms) = preSolution
		Debug|Any CPU = Debug|Any CPU
		Release|Any CPU = Release|Any CPU
	EndGlobalSection
	GlobalSection(ProjectConfigurationPlatforms) = postSolution
		{3CD41F60-6F7A-896A-8499-B42600A9ADE6}.Debug|Any CPU.ActiveCfg = Debug|Any CPU
		{3CD41F60-6F7A-896A-8499-B42600A9ADE6}.Debug|Any CPU.Build.0 = Debug|Any CPU
		{3CD41F60-6F7A-896A-8499-B42600A9ADE6}.Release|Any CPU.ActiveCfg = Release|Any CPU
		{3CD41F60-6F7A-896A-8499-B42600A9ADE6}.Release|Any CPU.Build.0 = Release|Any CPU
		{BFCE4B03-7EFE-80CF-BB9B-9D944CE182BF}.Debug|Any CPU.ActiveCfg = Debug|Any CPU
		{BFCE4B03-7EFE-80CF-BB9B-9D944CE182BF}.Debug|Any CPU.Build.0 = Debug|Any CPU
		{BFCE4B03-7EFE-80CF-BB9B-9D944CE182BF}.Release|Any CPU.ActiveCfg = Release|Any CPU
		{BFCE4B03-7EFE-80CF-BB9B-9D944CE182BF}.Release|Any CPU.Build.0 = Release|Any CPU
	EndGlobalSection
	GlobalSection(SolutionProperties) = preSolution
		HideSolutionNode = FALSE
	EndGlobalSection
	GlobalSection(MonoDevelopProperties) = preSolution
		StartupItem = Assembly-CSharp.csproj
	EndGlobalSection
EndGlobal
